
Microsoft Visual Studio Solution File, Format Version 12.00
# Visual Studio Version 16
VisualStudioVersion = 16.0.29102.190
MinimumVisualStudioVersion = 10.0.40219.1
Project("{8BC9CEB8-8B4A-11D0-8D11-00A0C91BC942}") = "DrSemu", "DrSemu\DrSemu.vcxproj", "{5CEF00F1-5B50-4A46-B9B9-9AA6CA4D088F}"
EndProject
Global
	GlobalSection(SolutionConfigurationPlatforms) = preSolution
		Debug|x64 = Debug|x64
		Debug|x86 = Debug|x86
		Release|x64 = Release|x64
		Release|x86 = Release|x86
	EndGlobalSection
	GlobalSection(ProjectConfigurationPlatforms) = postSolution
		{5CEF00F1-5B50-4A46-B9B9-9AA6CA4D088F}.Debug|x64.ActiveCfg = Debug|x64
		{5CEF00F1-5B50-4A46-B9B9-9AA6CA4D088F}.Debug|x64.Build.0 = Debug|x64
		{5CEF00F1-5B50-4A46-B9B9-9AA6CA4D088F}.Debug|x86.ActiveCfg = Debug|Win32
		{5CEF00F1-5B50-4A46-B9B9-9AA6CA4D088F}.Debug|x86.Build.0 = Debug|Win32
		{5CEF00F1-5B50-4A46-B9B9-9AA6CA4D088F}.Release|x64.ActiveCfg = Release|x64
		{5CEF00F1-5B50-4A46-B9B9-9AA6CA4D088F}.Release|x64.Build.0 = Release|x64
		{5CEF00F1-5B50-4A46-B9B9-9AA6CA4D088F}.Release|x86.ActiveCfg = Release|Win32
		{5CEF00F1-5B50-4A46-B9B9-9AA6CA4D088F}.Release|x86.Build.0 = Release|Win32
	EndGlobalSection
	GlobalSection(SolutionProperties) = preSolution
		HideSolutionNode = FALSE
	EndGlobalSection
	GlobalSection(ExtensibilityGlobals) = postSolution
		SolutionGuid = {76E4A9D3-95C4-4836-BE13-C2269B56D5C6}
	EndGlobalSection
EndGlobal
